
Microsoft Visual Studio Solution File, Format Version 12.00
# Visual Studio 15
VisualStudioVersion = 15.0.28307.902
MinimumVisualStudioVersion = 10.0.40219.1
Project("{FAE04EC0-301F-11D3-BF4B-00C04F79EFBC}") = "gitTest1", "gitTest1\gitTest1.csproj", "{F779FC62-58E0-4EF4-9685-2FD760B5E47A}"
EndProject
Global
	GlobalSection(SolutionConfigurationPlatforms) = preSolution
		Debug|Any CPU = Debug|Any CPU
		Release|Any CPU = Release|Any CPU
	EndGlobalSection
	GlobalSection(ProjectConfigurationPlatforms) = postSolution
		{F779FC62-58E0-4EF4-9685-2FD760B5E47A}.Debug|Any CPU.ActiveCfg = Debug|Any CPU
		{F779FC62-58E0-4EF4-9685-2FD760B5E47A}.Debug|Any CPU.Build.0 = Debug|Any CPU
		{F779FC62-58E0-4EF4-9685-2FD760B5E47A}.Release|Any CPU.ActiveCfg = Release|Any CPU
		{F779FC62-58E0-4EF4-9685-2FD760B5E47A}.Release|Any CPU.Build.0 = Release|Any CPU
	EndGlobalSection
	GlobalSection(SolutionProperties) = preSolution
		HideSolutionNode = FALSE
	EndGlobalSection
	GlobalSection(ExtensibilityGlobals) = postSolution
		SolutionGuid = {0F93420A-03C4-456D-ABA7-A687C5F4FC3D}
	EndGlobalSection
EndGlobal
